
Microsoft Visual Studio Solution File, Format Version 12.00
# Visual Studio 2012
Project("{FAE04EC0-301F-11D3-BF4B-00C04F79EFBC}") = "NetflixRouletteApp", "NetflixRouletteApp\NetflixRouletteApp.csproj", "{FBF67D47-D088-490B-9D96-D21437DB34DB}"
EndProject
Project("{FAE04EC0-301F-11D3-BF4B-00C04F79EFBC}") = "NetflixRouletteApp.iOS", "iOS\NetflixRouletteApp.iOS.csproj", "{A375939E-D1F0-40D4-BE67-54CA09D5600E}"
EndProject
Project("{FAE04EC0-301F-11D3-BF4B-00C04F79EFBC}") = "NetflixRouletteApp.Droid", "Droid\NetflixRouletteApp.Droid.csproj", "{CD2320EC-6C54-4E81-8BDF-B603E2E61C93}"
EndProject
Global
	GlobalSection(SolutionConfigurationPlatforms) = preSolution
		Debug|Any CPU = Debug|Any CPU
		Release|Any CPU = Release|Any CPU
		Debug|iPhoneSimulator = Debug|iPhoneSimulator
		Release|iPhone = Release|iPhone
		Release|iPhoneSimulator = Release|iPhoneSimulator
		Debug|iPhone = Debug|iPhone
	EndGlobalSection
	GlobalSection(ProjectConfigurationPlatforms) = postSolution
		{FBF67D47-D088-490B-9D96-D21437DB34DB}.Debug|Any CPU.ActiveCfg = Debug|Any CPU
		{FBF67D47-D088-490B-9D96-D21437DB34DB}.Debug|Any CPU.Build.0 = Debug|Any CPU
		{FBF67D47-D088-490B-9D96-D21437DB34DB}.Release|Any CPU.ActiveCfg = Release|Any CPU
		{FBF67D47-D088-490B-9D96-D21437DB34DB}.Release|Any CPU.Build.0 = Release|Any CPU
		{FBF67D47-D088-490B-9D96-D21437DB34DB}.Debug|iPhoneSimulator.ActiveCfg = Debug|Any CPU
		{FBF67D47-D088-490B-9D96-D21437DB34DB}.Debug|iPhoneSimulator.Build.0 = Debug|Any CPU
		{FBF67D47-D088-490B-9D96-D21437DB34DB}.Release|iPhone.ActiveCfg = Release|Any CPU
		{FBF67D47-D088-490B-9D96-D21437DB34DB}.Release|iPhone.Build.0 = Release|Any CPU
		{FBF67D47-D088-490B-9D96-D21437DB34DB}.Release|iPhoneSimulator.ActiveCfg = Release|Any CPU
		{FBF67D47-D088-490B-9D96-D21437DB34DB}.Release|iPhoneSimulator.Build.0 = Release|Any CPU
		{FBF67D47-D088-490B-9D96-D21437DB34DB}.Debug|iPhone.ActiveCfg = Debug|Any CPU
		{FBF67D47-D088-490B-9D96-D21437DB34DB}.Debug|iPhone.Build.0 = Debug|Any CPU
		{A375939E-D1F0-40D4-BE67-54CA09D5600E}.Debug|Any CPU.ActiveCfg = Debug|iPhoneSimulator
		{A375939E-D1F0-40D4-BE67-54CA09D5600E}.Debug|Any CPU.Build.0 = Debug|iPhoneSimulator
		{A375939E-D1F0-40D4-BE67-54CA09D5600E}.Release|Any CPU.ActiveCfg = Release|iPhone
		{A375939E-D1F0-40D4-BE67-54CA09D5600E}.Release|Any CPU.Build.0 = Release|iPhone
		{A375939E-D1F0-40D4-BE67-54CA09D5600E}.Debug|iPhoneSimulator.ActiveCfg = Debug|iPhoneSimulator
		{A375939E-D1F0-40D4-BE67-54CA09D5600E}.Debug|iPhoneSimulator.Build.0 = Debug|iPhoneSimulator
		{A375939E-D1F0-40D4-BE67-54CA09D5600E}.Release|iPhone.ActiveCfg = Release|iPhone
		{A375939E-D1F0-40D4-BE67-54CA09D5600E}.Release|iPhone.Build.0 = Release|iPhone
		{A375939E-D1F0-40D4-BE67-54CA09D5600E}.Release|iPhoneSimulator.ActiveCfg = Release|iPhoneSimulator
		{A375939E-D1F0-40D4-BE67-54CA09D5600E}.Release|iPhoneSimulator.Build.0 = Release|iPhoneSimulator
		{A375939E-D1F0-40D4-BE67-54CA09D5600E}.Debug|iPhone.ActiveCfg = Debug|iPhone
		{A375939E-D1F0-40D4-BE67-54CA09D5600E}.Debug|iPhone.Build.0 = Debug|iPhone
		{CD2320EC-6C54-4E81-8BDF-B603E2E61C93}.Debug|Any CPU.ActiveCfg = Debug|Any CPU
		{CD2320EC-6C54-4E81-8BDF-B603E2E61C93}.Debug|Any CPU.Build.0 = Debug|Any CPU
		{CD2320EC-6C54-4E81-8BDF-B603E2E61C93}.Release|Any CPU.ActiveCfg = Release|Any CPU
		{CD2320EC-6C54-4E81-8BDF-B603E2E61C93}.Release|Any CPU.Build.0 = Release|Any CPU
		{CD2320EC-6C54-4E81-8BDF-B603E2E61C93}.Debug|iPhoneSimulator.ActiveCfg = Debug|Any CPU
		{CD2320EC-6C54-4E81-8BDF-B603E2E61C93}.Debug|iPhoneSimulator.Build.0 = Debug|Any CPU
		{CD2320EC-6C54-4E81-8BDF-B603E2E61C93}.Release|iPhone.ActiveCfg = Release|Any CPU
		{CD2320EC-6C54-4E81-8BDF-B603E2E61C93}.Release|iPhone.Build.0 = Release|Any CPU
		{CD2320EC-6C54-4E81-8BDF-B603E2E61C93}.Release|iPhoneSimulator.ActiveCfg = Release|Any CPU
		{CD2320EC-6C54-4E81-8BDF-B603E2E61C93}.Release|iPhoneSimulator.Build.0 = Release|Any CPU
		{CD2320EC-6C54-4E81-8BDF-B603E2E61C93}.Debug|iPhone.ActiveCfg = Debug|Any CPU
		{CD2320EC-6C54-4E81-8BDF-B603E2E61C93}.Debug|iPhone.Build.0 = Debug|Any CPU
	EndGlobalSection
EndGlobal
